// !$*UTF8*$!
{
	archiveVersion = 1;
	classes = {
	};
	objectVersion = 46;
	objects = {

/* Begin PBXBuildFile section */
		190F52FB17BB0C34007AE03D /* UIKit.framework in Frameworks */ = {isa = PBXBuildFile; fileRef = 190F52FA17BB0C34007AE03D /* UIKit.framework */; };
		190F52FD17BB0C34007AE03D /* Foundation.framework in Frameworks */ = {isa = PBXBuildFile; fileRef = 190F52FC17BB0C34007AE03D /* Foundation.framework */; };
		190F52FF17BB0C34007AE03D /* CoreGraphics.framework in Frameworks */ = {isa = PBXBuildFile; fileRef = 190F52FE17BB0C34007AE03D /* CoreGraphics.framework */; };
		190F530517BB0C34007AE03D /* InfoPlist.strings in Resources */ = {isa = PBXBuildFile; fileRef = 190F530317BB0C34007AE03D /* InfoPlist.strings */; };
		190F530717BB0C34007AE03D /* main.m in Sources */ = {isa = PBXBuildFile; fileRef = 190F530617BB0C34007AE03D /* main.m */; };
		190F530B17BB0C34007AE03D /* AppDelegate.m in Sources */ = {isa = PBXBuildFile; fileRef = 190F530A17BB0C34007AE03D /* AppDelegate.m */; };
		190F530D17BB0C34007AE03D /* Default.png in Resources */ = {isa = PBXBuildFile; fileRef = 190F530C17BB0C34007AE03D /* Default.png */; };
		190F530F17BB0C34007AE03D /* Default@2x.png in Resources */ = {isa = PBXBuildFile; fileRef = 190F530E17BB0C34007AE03D /* Default@2x.png */; };
		190F531117BB0C34007AE03D /* Default-568h@2x.png in Resources */ = {isa = PBXBuildFile; fileRef = 190F531017BB0C34007AE03D /* Default-568h@2x.png */; };
		190F531417BB0C34007AE03D /* FollowerStoryboard.storyboard in Resources */ = {isa = PBXBuildFile; fileRef = 190F531217BB0C34007AE03D /* FollowerStoryboard.storyboard */; };
		190F531F17BB0C34007AE03D /* SenTestingKit.framework in Frameworks */ = {isa = PBXBuildFile; fileRef = 190F531E17BB0C34007AE03D /* SenTestingKit.framework */; };
		190F532017BB0C34007AE03D /* UIKit.framework in Frameworks */ = {isa = PBXBuildFile; fileRef = 190F52FA17BB0C34007AE03D /* UIKit.framework */; };
		190F532117BB0C34007AE03D /* Foundation.framework in Frameworks */ = {isa = PBXBuildFile; fileRef = 190F52FC17BB0C34007AE03D /* Foundation.framework */; };
		190F532917BB0C34007AE03D /* InfoPlist.strings in Resources */ = {isa = PBXBuildFile; fileRef = 190F532717BB0C34007AE03D /* InfoPlist.strings */; };
		190F532C17BB0C34007AE03D /* FollowerTests.m in Sources */ = {isa = PBXBuildFile; fileRef = 190F532B17BB0C34007AE03D /* FollowerTests.m */; };
		190F534717BB1632007AE03D /* SettingViewController.m in Sources */ = {isa = PBXBuildFile; fileRef = 190F534617BB1632007AE03D /* SettingViewController.m */; };
		190F535317BB1801007AE03D /* Shadow_Tabbar@2x.png in Resources */ = {isa = PBXBuildFile; fileRef = 190F534817BB1801007AE03D /* Shadow_Tabbar@2x.png */; };
		190F535417BB1801007AE03D /* Bg_NewTip@2x.png in Resources */ = {isa = PBXBuildFile; fileRef = 190F534917BB1801007AE03D /* Bg_NewTip@2x.png */; };
		190F535517BB1801007AE03D /* Indicator_Home_Hit@2x.png in Resources */ = {isa = PBXBuildFile; fileRef = 190F534A17BB1801007AE03D /* Indicator_Home_Hit@2x.png */; };
		190F535617BB1801007AE03D /* Indicator_Home@2x.png in Resources */ = {isa = PBXBuildFile; fileRef = 190F534B17BB1801007AE03D /* Indicator_Home@2x.png */; };
		190F535717BB1801007AE03D /* Indicator_SegTab@2x.png in Resources */ = {isa = PBXBuildFile; fileRef = 190F534C17BB1801007AE03D /* Indicator_SegTab@2x.png */; };
		190F535817BB1801007AE03D /* Indicator_Setting_Hit@2x.png in Resources */ = {isa = PBXBuildFile; fileRef = 190F534D17BB1801007AE03D /* Indicator_Setting_Hit@2x.png */; };
		190F535917BB1801007AE03D /* Indicator_Setting@2x.png in Resources */ = {isa = PBXBuildFile; fileRef = 190F534E17BB1801007AE03D /* Indicator_Setting@2x.png */; };
		190F535A17BB1801007AE03D /* Indicator_Store_Hit@2x.png in Resources */ = {isa = PBXBuildFile; fileRef = 190F534F17BB1801007AE03D /* Indicator_Store_Hit@2x.png */; };
		190F535B17BB1801007AE03D /* Indicator_Store@2x.png in Resources */ = {isa = PBXBuildFile; fileRef = 190F535017BB1801007AE03D /* Indicator_Store@2x.png */; };
		190F535C17BB1801007AE03D /* Indicator_Tops_Hit@2x.png in Resources */ = {isa = PBXBuildFile; fileRef = 190F535117BB1801007AE03D /* Indicator_Tops_Hit@2x.png */; };
		190F535D17BB1801007AE03D /* Indicator_Tops@2x.png in Resources */ = {isa = PBXBuildFile; fileRef = 190F535217BB1801007AE03D /* Indicator_Tops@2x.png */; };
		190F536017BB1962007AE03D /* UIViewController+Scorller.m in Sources */ = {isa = PBXBuildFile; fileRef = 190F535F17BB1962007AE03D /* UIViewController+Scorller.m */; };
		190F536417BB1A81007AE03D /* QuartzCore.framework in Frameworks */ = {isa = PBXBuildFile; fileRef = 190F536217BB1A68007AE03D /* QuartzCore.framework */; };
		190F536717BB1D2E007AE03D /* LoginViewController.m in Sources */ = {isa = PBXBuildFile; fileRef = 190F536617BB1D2E007AE03D /* LoginViewController.m */; };
		190F536A17BB1D9B007AE03D /* IndexViewController.m in Sources */ = {isa = PBXBuildFile; fileRef = 190F536917BB1D9A007AE03D /* IndexViewController.m */; };
		190F536D17BB22B5007AE03D /* HZScrollerController.m in Sources */ = {isa = PBXBuildFile; fileRef = 190F536C17BB22B5007AE03D /* HZScrollerController.m */; };
		190F537017BB231B007AE03D /* HZScrollerBar.m in Sources */ = {isa = PBXBuildFile; fileRef = 190F536F17BB231B007AE03D /* HZScrollerBar.m */; };
		190F537317BB235D007AE03D /* HZScrollerItem.m in Sources */ = {isa = PBXBuildFile; fileRef = 190F537217BB235D007AE03D /* HZScrollerItem.m */; };
/* End PBXBuildFile section */

/* Begin PBXContainerItemProxy section */
		190F532217BB0C34007AE03D /* PBXContainerItemProxy */ = {
			isa = PBXContainerItemProxy;
			containerPortal = 190F52EF17BB0C34007AE03D /* Project object */;
			proxyType = 1;
			remoteGlobalIDString = 190F52F617BB0C34007AE03D;
			remoteInfo = Follower;
		};
/* End PBXContainerItemProxy section */

/* Begin PBXFileReference section */
		190F52F717BB0C34007AE03D /* Follower.app */ = {isa = PBXFileReference; explicitFileType = wrapper.application; includeInIndex = 0; path = Follower.app; sourceTree = BUILT_PRODUCTS_DIR; };
		190F52FA17BB0C34007AE03D /* UIKit.framework */ = {isa = PBXFileReference; lastKnownFileType = wrapper.framework; name = UIKit.framework; path = System/Library/Frameworks/UIKit.framework; sourceTree = SDKROOT; };
		190F52FC17BB0C34007AE03D /* Foundation.framework */ = {isa = PBXFileReference; lastKnownFileType = wrapper.framework; name = Foundation.framework; path = System/Library/Frameworks/Foundation.framework; sourceTree = SDKROOT; };
		190F52FE17BB0C34007AE03D /* CoreGraphics.framework */ = {isa = PBXFileReference; lastKnownFileType = wrapper.framework; name = CoreGraphics.framework; path = System/Library/Frameworks/CoreGraphics.framework; sourceTree = SDKROOT; };
		190F530217BB0C34007AE03D /* Follower-Info.plist */ = {isa = PBXFileReference; lastKnownFileType = text.plist.xml; path = "Follower-Info.plist"; sourceTree = "<group>"; };
		190F530417BB0C34007AE03D /* en */ = {isa = PBXFileReference; lastKnownFileType = text.plist.strings; name = en; path = en.lproj/InfoPlist.strings; sourceTree = "<group>"; };
		190F530617BB0C34007AE03D /* main.m */ = {isa = PBXFileReference; lastKnownFileType = sourcecode.c.objc; path = main.m; sourceTree = "<group>"; };
		190F530817BB0C34007AE03D /* Follower-Prefix.pch */ = {isa = PBXFileReference; lastKnownFileType = sourcecode.c.h; path = "Follower-Prefix.pch"; sourceTree = "<group>"; };
		190F530917BB0C34007AE03D /* AppDelegate.h */ = {isa = PBXFileReference; lastKnownFileType = sourcecode.c.h; path = AppDelegate.h; sourceTree = "<group>"; };
		190F530A17BB0C34007AE03D /* AppDelegate.m */ = {isa = PBXFileReference; lastKnownFileType = sourcecode.c.objc; path = AppDelegate.m; sourceTree = "<group>"; };
		190F530C17BB0C34007AE03D /* Default.png */ = {isa = PBXFileReference; lastKnownFileType = image.png; path = Default.png; sourceTree = "<group>"; };
		190F530E17BB0C34007AE03D /* Default@2x.png */ = {isa = PBXFileReference; lastKnownFileType = image.png; path = "Default@2x.png"; sourceTree = "<group>"; };
		190F531017BB0C34007AE03D /* Default-568h@2x.png */ = {isa = PBXFileReference; lastKnownFileType = image.png; path = "Default-568h@2x.png"; sourceTree = "<group>"; };
		190F531317BB0C34007AE03D /* en */ = {isa = PBXFileReference; lastKnownFileType = file.storyboard; name = en; path = en.lproj/FollowerStoryboard.storyboard; sourceTree = "<group>"; };
		190F531D17BB0C34007AE03D /* FollowerTests.octest */ = {isa = PBXFileReference; explicitFileType = wrapper.cfbundle; includeInIndex = 0; path = FollowerTests.octest; sourceTree = BUILT_PRODUCTS_DIR; };
		190F531E17BB0C34007AE03D /* SenTestingKit.framework */ = {isa = PBXFileReference; lastKnownFileType = wrapper.framework; name = SenTestingKit.framework; path = Library/Frameworks/SenTestingKit.framework; sourceTree = DEVELOPER_DIR; };
		190F532617BB0C34007AE03D /* FollowerTests-Info.plist */ = {isa = PBXFileReference; lastKnownFileType = text.plist.xml; path = "FollowerTests-Info.plist"; sourceTree = "<group>"; };
		190F532817BB0C34007AE03D /* en */ = {isa = PBXFileReference; lastKnownFileType = text.plist.strings; name = en; path = en.lproj/InfoPlist.strings; sourceTree = "<group>"; };
		190F532A17BB0C34007AE03D /* FollowerTests.h */ = {isa = PBXFileReference; lastKnownFileType = sourcecode.c.h; path = FollowerTests.h; sourceTree = "<group>"; };
		190F532B17BB0C34007AE03D /* FollowerTests.m */ = {isa = PBXFileReference; lastKnownFileType = sourcecode.c.objc; path = FollowerTests.m; sourceTree = "<group>"; };
		190F534517BB1632007AE03D /* SettingViewController.h */ = {isa = PBXFileReference; fileEncoding = 4; lastKnownFileType = sourcecode.c.h; path = SettingViewController.h; sourceTree = "<group>"; };
		190F534617BB1632007AE03D /* SettingViewController.m */ = {isa = PBXFileReference; fileEncoding = 4; lastKnownFileType = sourcecode.c.objc; path = SettingViewController.m; sourceTree = "<group>"; };
		190F534817BB1801007AE03D /* Shadow_Tabbar@2x.png */ = {isa = PBXFileReference; lastKnownFileType = image.png; path = "Shadow_Tabbar@2x.png"; sourceTree = "<group>"; };
		190F534917BB1801007AE03D /* Bg_NewTip@2x.png */ = {isa = PBXFileReference; lastKnownFileType = image.png; path = "Bg_NewTip@2x.png"; sourceTree = "<group>"; };
		190F534A17BB1801007AE03D /* Indicator_Home_Hit@2x.png */ = {isa = PBXFileReference; lastKnownFileType = image.png; path = "Indicator_Home_Hit@2x.png"; sourceTree = "<group>"; };
		190F534B17BB1801007AE03D /* Indicator_Home@2x.png */ = {isa = PBXFileReference; lastKnownFileType = image.png; path = "Indicator_Home@2x.png"; sourceTree = "<group>"; };
		190F534C17BB1801007AE03D /* Indicator_SegTab@2x.png */ = {isa = PBXFileReference; lastKnownFileType = image.png; path = "Indicator_SegTab@2x.png"; sourceTree = "<group>"; };
		190F534D17BB1801007AE03D /* Indicator_Setting_Hit@2x.png */ = {isa = PBXFileReference; lastKnownFileType = image.png; path = "Indicator_Setting_Hit@2x.png"; sourceTree = "<group>"; };
		190F534E17BB1801007AE03D /* Indicator_Setting@2x.png */ = {isa = PBXFileReference; lastKnownFileType = image.png; path = "Indicator_Setting@2x.png"; sourceTree = "<group>"; };
		190F534F17BB1801007AE03D /* Indicator_Store_Hit@2x.png */ = {isa = PBXFileReference; lastKnownFileType = image.png; path = "Indicator_Store_Hit@2x.png"; sourceTree = "<group>"; };
		190F535017BB1801007AE03D /* Indicator_Store@2x.png */ = {isa = PBXFileReference; lastKnownFileType = image.png; path = "Indicator_Store@2x.png"; sourceTree = "<group>"; };
		190F535117BB1801007AE03D /* Indicator_Tops_Hit@2x.png */ = {isa = PBXFileReference; lastKnownFileType = image.png; path = "Indicator_Tops_Hit@2x.png"; sourceTree = "<group>"; };
		190F535217BB1801007AE03D /* Indicator_Tops@2x.png */ = {isa = PBXFileReference; lastKnownFileType = image.png; path = "Indicator_Tops@2x.png"; sourceTree = "<group>"; };
		190F535E17BB1962007AE03D /* UIViewController+Scorller.h */ = {isa = PBXFileReference; fileEncoding = 4; lastKnownFileType = sourcecode.c.h; path = "UIViewController+Scorller.h"; sourceTree = "<group>"; };
		190F535F17BB1962007AE03D /* UIViewController+Scorller.m */ = {isa = PBXFileReference; fileEncoding = 4; lastKnownFileType = sourcecode.c.objc; path = "UIViewController+Scorller.m"; sourceTree = "<group>"; };
		190F536217BB1A68007AE03D /* QuartzCore.framework */ = {isa = PBXFileReference; lastKnownFileType = wrapper.framework; name = QuartzCore.framework; path = System/Library/Frameworks/QuartzCore.framework; sourceTree = SDKROOT; };
		190F536517BB1D2E007AE03D /* LoginViewController.h */ = {isa = PBXFileReference; fileEncoding = 4; lastKnownFileType = sourcecode.c.h; path = LoginViewController.h; sourceTree = "<group>"; };
		190F536617BB1D2E007AE03D /* LoginViewController.m */ = {isa = PBXFileReference; fileEncoding = 4; lastKnownFileType = sourcecode.c.objc; path = LoginViewController.m; sourceTree = "<group>"; };
		190F536817BB1D9A007AE03D /* IndexViewController.h */ = {isa = PBXFileReference; fileEncoding = 4; lastKnownFileType = sourcecode.c.h; path = IndexViewController.h; sourceTree = "<group>"; };
		190F536917BB1D9A007AE03D /* IndexViewController.m */ = {isa = PBXFileReference; fileEncoding = 4; lastKnownFileType = sourcecode.c.objc; path = IndexViewController.m; sourceTree = "<group>"; };
		190F536B17BB22B5007AE03D /* HZScrollerController.h */ = {isa = PBXFileReference; fileEncoding = 4; lastKnownFileType = sourcecode.c.h; path = HZScrollerController.h; sourceTree = "<group>"; };
		190F536C17BB22B5007AE03D /* HZScrollerController.m */ = {isa = PBXFileReference; fileEncoding = 4; lastKnownFileType = sourcecode.c.objc; path = HZScrollerController.m; sourceTree = "<group>"; };
		190F536E17BB231B007AE03D /* HZScrollerBar.h */ = {isa = PBXFileReference; fileEncoding = 4; lastKnownFileType = sourcecode.c.h; path = HZScrollerBar.h; sourceTree = "<group>"; };
		190F536F17BB231B007AE03D /* HZScrollerBar.m */ = {isa = PBXFileReference; fileEncoding = 4; lastKnownFileType = sourcecode.c.objc; path = HZScrollerBar.m; sourceTree = "<group>"; };
		190F537117BB235D007AE03D /* HZScrollerItem.h */ = {isa = PBXFileReference; fileEncoding = 4; lastKnownFileType = sourcecode.c.h; path = HZScrollerItem.h; sourceTree = "<group>"; };
		190F537217BB235D007AE03D /* HZScrollerItem.m */ = {isa = PBXFileReference; fileEncoding = 4; lastKnownFileType = sourcecode.c.objc; path = HZScrollerItem.m; sourceTree = "<group>"; };
/* End PBXFileReference section */

/* Begin PBXFrameworksBuildPhase section */
		190F52F417BB0C34007AE03D /* Frameworks */ = {
			isa = PBXFrameworksBuildPhase;
			buildActionMask = 2147483647;
			files = (
				190F536417BB1A81007AE03D /* QuartzCore.framework in Frameworks */,
				190F52FB17BB0C34007AE03D /* UIKit.framework in Frameworks */,
				190F52FD17BB0C34007AE03D /* Foundation.framework in Frameworks */,
				190F52FF17BB0C34007AE03D /* CoreGraphics.framework in Frameworks */,
			);
			runOnlyForDeploymentPostprocessing = 0;
		};
		190F531917BB0C34007AE03D /* Frameworks */ = {
			isa = PBXFrameworksBuildPhase;
			buildActionMask = 2147483647;
			files = (
				190F531F17BB0C34007AE03D /* SenTestingKit.framework in Frameworks */,
				190F532017BB0C34007AE03D /* UIKit.framework in Frameworks */,
				190F532117BB0C34007AE03D /* Foundation.framework in Frameworks */,
			);
			runOnlyForDeploymentPostprocessing = 0;
		};
/* End PBXFrameworksBuildPhase section */

/* Begin PBXGroup section */
		190F52EE17BB0C34007AE03D = {
			isa = PBXGroup;
			children = (
				190F530017BB0C34007AE03D /* Follower */,
				190F532417BB0C34007AE03D /* FollowerTests */,
				190F52F917BB0C34007AE03D /* Frameworks */,
				190F52F817BB0C34007AE03D /* Products */,
			);
			sourceTree = "<group>";
		};
		190F52F817BB0C34007AE03D /* Products */ = {
			isa = PBXGroup;
			children = (
				190F52F717BB0C34007AE03D /* Follower.app */,
				190F531D17BB0C34007AE03D /* FollowerTests.octest */,
			);
			name = Products;
			sourceTree = "<group>";
		};
		190F52F917BB0C34007AE03D /* Frameworks */ = {
			isa = PBXGroup;
			children = (
				190F536217BB1A68007AE03D /* QuartzCore.framework */,
				190F52FA17BB0C34007AE03D /* UIKit.framework */,
				190F52FC17BB0C34007AE03D /* Foundation.framework */,
				190F52FE17BB0C34007AE03D /* CoreGraphics.framework */,
				190F531E17BB0C34007AE03D /* SenTestingKit.framework */,
			);
			name = Frameworks;
			sourceTree = "<group>";
		};
		190F530017BB0C34007AE03D /* Follower */ = {
			isa = PBXGroup;
			children = (
				190F534117BB0D09007AE03D /* scrollercontroller */,
				190F530917BB0C34007AE03D /* AppDelegate.h */,
				190F530A17BB0C34007AE03D /* AppDelegate.m */,
				190F531217BB0C34007AE03D /* FollowerStoryboard.storyboard */,
				190F534517BB1632007AE03D /* SettingViewController.h */,
				190F534617BB1632007AE03D /* SettingViewController.m */,
				190F536517BB1D2E007AE03D /* LoginViewController.h */,
				190F536617BB1D2E007AE03D /* LoginViewController.m */,
				190F536817BB1D9A007AE03D /* IndexViewController.h */,
				190F536917BB1D9A007AE03D /* IndexViewController.m */,
				190F530117BB0C34007AE03D /* Supporting Files */,
			);
			path = Follower;
			sourceTree = "<group>";
		};
		190F530117BB0C34007AE03D /* Supporting Files */ = {
			isa = PBXGroup;
			children = (
				190F534817BB1801007AE03D /* Shadow_Tabbar@2x.png */,
				190F534917BB1801007AE03D /* Bg_NewTip@2x.png */,
				190F534A17BB1801007AE03D /* Indicator_Home_Hit@2x.png */,
				190F534B17BB1801007AE03D /* Indicator_Home@2x.png */,
				190F534C17BB1801007AE03D /* Indicator_SegTab@2x.png */,
				190F534D17BB1801007AE03D /* Indicator_Setting_Hit@2x.png */,
				190F534E17BB1801007AE03D /* Indicator_Setting@2x.png */,
				190F534F17BB1801007AE03D /* Indicator_Store_Hit@2x.png */,
				190F535017BB1801007AE03D /* Indicator_Store@2x.png */,
				190F535117BB1801007AE03D /* Indicator_Tops_Hit@2x.png */,
				190F535217BB1801007AE03D /* Indicator_Tops@2x.png */,
				190F530217BB0C34007AE03D /* Follower-Info.plist */,
				190F530317BB0C34007AE03D /* InfoPlist.strings */,
				190F530617BB0C34007AE03D /* main.m */,
				190F530817BB0C34007AE03D /* Follower-Prefix.pch */,
				190F530C17BB0C34007AE03D /* Default.png */,
				190F530E17BB0C34007AE03D /* Default@2x.png */,
				190F531017BB0C34007AE03D /* Default-568h@2x.png */,
			);
			name = "Supporting Files";
			sourceTree = "<group>";
		};
		190F532417BB0C34007AE03D /* FollowerTests */ = {
			isa = PBXGroup;
			children = (
				190F532A17BB0C34007AE03D /* FollowerTests.h */,
				190F532B17BB0C34007AE03D /* FollowerTests.m */,
				190F532517BB0C34007AE03D /* Supporting Files */,
			);
			path = FollowerTests;
			sourceTree = "<group>";
		};
		190F532517BB0C34007AE03D /* Supporting Files */ = {
			isa = PBXGroup;
			children = (
				190F532617BB0C34007AE03D /* FollowerTests-Info.plist */,
				190F532717BB0C34007AE03D /* InfoPlist.strings */,
			);
			name = "Supporting Files";
			sourceTree = "<group>";
		};
		190F534117BB0D09007AE03D /* scrollercontroller */ = {
			isa = PBXGroup;
			children = (
				190F535E17BB1962007AE03D /* UIViewController+Scorller.h */,
				190F535F17BB1962007AE03D /* UIViewController+Scorller.m */,
				190F536B17BB22B5007AE03D /* HZScrollerController.h */,
				190F536C17BB22B5007AE03D /* HZScrollerController.m */,
				190F536E17BB231B007AE03D /* HZScrollerBar.h */,
				190F536F17BB231B007AE03D /* HZScrollerBar.m */,
				190F537117BB235D007AE03D /* HZScrollerItem.h */,
				190F537217BB235D007AE03D /* HZScrollerItem.m */,
			);
			name = scrollercontroller;
			sourceTree = "<group>";
		};
/* End PBXGroup section */

/* Begin PBXNativeTarget section */
		190F52F617BB0C34007AE03D /* Follower */ = {
			isa = PBXNativeTarget;
			buildConfigurationList = 190F532F17BB0C34007AE03D /* Build configuration list for PBXNativeTarget "Follower" */;
			buildPhases = (
				190F52F317BB0C34007AE03D /* Sources */,
				190F52F417BB0C34007AE03D /* Frameworks */,
				190F52F517BB0C34007AE03D /* Resources */,
			);
			buildRules = (
			);
			dependencies = (
			);
			name = Follower;
			productName = Follower;
			productReference = 190F52F717BB0C34007AE03D /* Follower.app */;
			productType = "com.apple.product-type.application";
		};
		190F531C17BB0C34007AE03D /* FollowerTests */ = {
			isa = PBXNativeTarget;
			buildConfigurationList = 190F533217BB0C34007AE03D /* Build configuration list for PBXNativeTarget "FollowerTests" */;
			buildPhases = (
				190F531817BB0C34007AE03D /* Sources */,
				190F531917BB0C34007AE03D /* Frameworks */,
				190F531A17BB0C34007AE03D /* Resources */,
				190F531B17BB0C34007AE03D /* ShellScript */,
			);
			buildRules = (
			);
			dependencies = (
				190F532317BB0C34007AE03D /* PBXTargetDependency */,
			);
			name = FollowerTests;
			productName = FollowerTests;
			productReference = 190F531D17BB0C34007AE03D /* FollowerTests.octest */;
			productType = "com.apple.product-type.bundle";
		};
/* End PBXNativeTarget section */

/* Begin PBXProject section */
		190F52EF17BB0C34007AE03D /* Project object */ = {
			isa = PBXProject;
			attributes = {
				LastUpgradeCheck = 0460;
				ORGANIZATIONNAME = "Liping Yin";
			};
			buildConfigurationList = 190F52F217BB0C34007AE03D /* Build configuration list for PBXProject "Follower" */;
			compatibilityVersion = "Xcode 3.2";
			developmentRegion = English;
			hasScannedForEncodings = 0;
			knownRegions = (
				en,
			);
			mainGroup = 190F52EE17BB0C34007AE03D;
			productRefGroup = 190F52F817BB0C34007AE03D /* Products */;
			projectDirPath = "";
			projectRoot = "";
			targets = (
				190F52F617BB0C34007AE03D /* Follower */,
				190F531C17BB0C34007AE03D /* FollowerTests */,
			);
		};
/* End PBXProject section */

/* Begin PBXResourcesBuildPhase section */
		190F52F517BB0C34007AE03D /* Resources */ = {
			isa = PBXResourcesBuildPhase;
			buildActionMask = 2147483647;
			files = (
				190F530517BB0C34007AE03D /* InfoPlist.strings in Resources */,
				190F530D17BB0C34007AE03D /* Default.png in Resources */,
				190F530F17BB0C34007AE03D /* Default@2x.png in Resources */,
				190F531117BB0C34007AE03D /* Default-568h@2x.png in Resources */,
				190F531417BB0C34007AE03D /* FollowerStoryboard.storyboard in Resources */,
				190F535317BB1801007AE03D /* Shadow_Tabbar@2x.png in Resources */,
				190F535417BB1801007AE03D /* Bg_NewTip@2x.png in Resources */,
				190F535517BB1801007AE03D /* Indicator_Home_Hit@2x.png in Resources */,
				190F535617BB1801007AE03D /* Indicator_Home@2x.png in Resources */,
				190F535717BB1801007AE03D /* Indicator_SegTab@2x.png in Resources */,
				190F535817BB1801007AE03D /* Indicator_Setting_Hit@2x.png in Resources */,
				190F535917BB1801007AE03D /* Indicator_Setting@2x.png in Resources */,
				190F535A17BB1801007AE03D /* Indicator_Store_Hit@2x.png in Resources */,
				190F535B17BB1801007AE03D /* Indicator_Store@2x.png in Resources */,
				190F535C17BB1801007AE03D /* Indicator_Tops_Hit@2x.png in Resources */,
				190F535D17BB1801007AE03D /* Indicator_Tops@2x.png in Resources */,
			);
			runOnlyForDeploymentPostprocessing = 0;
		};
		190F531A17BB0C34007AE03D /* Resources */ = {
			isa = PBXResourcesBuildPhase;
			buildActionMask = 2147483647;
			files = (
				190F532917BB0C34007AE03D /* InfoPlist.strings in Resources */,
			);
			runOnlyForDeploymentPostprocessing = 0;
		};
/* End PBXResourcesBuildPhase section */

/* Begin PBXShellScriptBuildPhase section */
		190F531B17BB0C34007AE03D /* ShellScript */ = {
			isa = PBXShellScriptBuildPhase;
			buildActionMask = 2147483647;
			files = (
			);
			inputPaths = (
			);
			outputPaths = (
			);
			runOnlyForDeploymentPostprocessing = 0;
			shellPath = /bin/sh;
			shellScript = "# Run the unit tests in this test bundle.\n\"${SYSTEM_DEVELOPER_DIR}/Tools/RunUnitTests\"\n";
		};
/* End PBXShellScriptBuildPhase section */

/* Begin PBXSourcesBuildPhase section */
		190F52F317BB0C34007AE03D /* Sources */ = {
			isa = PBXSourcesBuildPhase;
			buildActionMask = 2147483647;
			files = (
				190F530717BB0C34007AE03D /* main.m in Sources */,
				190F530B17BB0C34007AE03D /* AppDelegate.m in Sources */,
				190F534717BB1632007AE03D /* SettingViewController.m in Sources */,
				190F536017BB1962007AE03D /* UIViewController+Scorller.m in Sources */,
				190F536717BB1D2E007AE03D /* LoginViewController.m in Sources */,
				190F536A17BB1D9B007AE03D /* IndexViewController.m in Sources */,
				190F536D17BB22B5007AE03D /* HZScrollerController.m in Sources */,
				190F537017BB231B007AE03D /* HZScrollerBar.m in Sources */,
				190F537317BB235D007AE03D /* HZScrollerItem.m in Sources */,
			);
			runOnlyForDeploymentPostprocessing = 0;
		};
		190F531817BB0C34007AE03D /* Sources */ = {
			isa = PBXSourcesBuildPhase;
			buildActionMask = 2147483647;
			files = (
				190F532C17BB0C34007AE03D /* FollowerTests.m in Sources */,
			);
			runOnlyForDeploymentPostprocessing = 0;
		};
/* End PBXSourcesBuildPhase section */

/* Begin PBXTargetDependency section */
		190F532317BB0C34007AE03D /* PBXTargetDependency */ = {
			isa = PBXTargetDependency;
			target = 190F52F617BB0C34007AE03D /* Follower */;
			targetProxy = 190F532217BB0C34007AE03D /* PBXContainerItemProxy */;
		};
/* End PBXTargetDependency section */

/* Begin PBXVariantGroup section */
		190F530317BB0C34007AE03D /* InfoPlist.strings */ = {
			isa = PBXVariantGroup;
			children = (
				190F530417BB0C34007AE03D /* en */,
			);
			name = InfoPlist.strings;
			sourceTree = "<group>";
		};
		190F531217BB0C34007AE03D /* FollowerStoryboard.storyboard */ = {
			isa = PBXVariantGroup;
			children = (
				190F531317BB0C34007AE03D /* en */,
			);
			name = FollowerStoryboard.storyboard;
			sourceTree = "<group>";
		};
		190F532717BB0C34007AE03D /* InfoPlist.strings */ = {
			isa = PBXVariantGroup;
			children = (
				190F532817BB0C34007AE03D /* en */,
			);
			name = InfoPlist.strings;
			sourceTree = "<group>";
		};
/* End PBXVariantGroup section */

/* Begin XCBuildConfiguration section */
		190F532D17BB0C34007AE03D /* Debug */ = {
			isa = XCBuildConfiguration;
			buildSettings = {
				ALWAYS_SEARCH_USER_PATHS = NO;
				CLANG_CXX_LANGUAGE_STANDARD = "gnu++0x";
				CLANG_CXX_LIBRARY = "libc++";
				CLANG_ENABLE_OBJC_ARC = YES;
				CLANG_WARN_CONSTANT_CONVERSION = YES;
				CLANG_WARN_EMPTY_BODY = YES;
				CLANG_WARN_ENUM_CONVERSION = YES;
				CLANG_WARN_INT_CONVERSION = YES;
				CLANG_WARN__DUPLICATE_METHOD_MATCH = YES;
				"CODE_SIGN_IDENTITY[sdk=iphoneos*]" = "iPhone Developer";
				COPY_PHASE_STRIP = NO;
				GCC_C_LANGUAGE_STANDARD = gnu99;
				GCC_DYNAMIC_NO_PIC = NO;
				GCC_OPTIMIZATION_LEVEL = 0;
				GCC_PREPROCESSOR_DEFINITIONS = (
					"DEBUG=1",
					"$(inherited)",
				);
				GCC_SYMBOLS_PRIVATE_EXTERN = NO;
				GCC_WARN_ABOUT_RETURN_TYPE = YES;
				GCC_WARN_UNINITIALIZED_AUTOS = YES;
				GCC_WARN_UNUSED_VARIABLE = YES;
				IPHONEOS_DEPLOYMENT_TARGET = 6.1;
				ONLY_ACTIVE_ARCH = YES;
				SDKROOT = iphoneos;
			};
			name = Debug;
		};
		190F532E17BB0C34007AE03D /* Release */ = {
			isa = XCBuildConfiguration;
			buildSettings = {
				ALWAYS_SEARCH_USER_PATHS = NO;
				CLANG_CXX_LANGUAGE_STANDARD = "gnu++0x";
				CLANG_CXX_LIBRARY = "libc++";
				CLANG_ENABLE_OBJC_ARC = YES;
				CLANG_WARN_CONSTANT_CONVERSION = YES;
				CLANG_WARN_EMPTY_BODY = YES;
				CLANG_WARN_ENUM_CONVERSION = YES;
				CLANG_WARN_INT_CONVERSION = YES;
				CLANG_WARN__DUPLICATE_METHOD_MATCH = YES;
				"CODE_SIGN_IDENTITY[sdk=iphoneos*]" = "iPhone Developer";
				COPY_PHASE_STRIP = YES;
				GCC_C_LANGUAGE_STANDARD = gnu99;
				GCC_WARN_ABOUT_RETURN_TYPE = YES;
				GCC_WARN_UNINITIALIZED_AUTOS = YES;
				GCC_WARN_UNUSED_VARIABLE = YES;
				IPHONEOS_DEPLOYMENT_TARGET = 6.1;
				OTHER_CFLAGS = "-DNS_BLOCK_ASSERTIONS=1";
				SDKROOT = iphoneos;
				VALIDATE_PRODUCT = YES;
			};
			name = Release;
		};
		190F533017BB0C34007AE03D /* Debug */ = {
			isa = XCBuildConfiguration;
			buildSettings = {
				GCC_PRECOMPILE_PREFIX_HEADER = YES;
				GCC_PREFIX_HEADER = "Follower/Follower-Prefix.pch";
				INFOPLIST_FILE = "Follower/Follower-Info.plist";
				PRODUCT_NAME = "$(TARGET_NAME)";
				WRAPPER_EXTENSION = app;
			};
			name = Debug;
		};
		190F533117BB0C34007AE03D /* Release */ = {
			isa = XCBuildConfiguration;
			buildSettings = {
				GCC_PRECOMPILE_PREFIX_HEADER = YES;
				GCC_PREFIX_HEADER = "Follower/Follower-Prefix.pch";
				INFOPLIST_FILE = "Follower/Follower-Info.plist";
				PRODUCT_NAME = "$(TARGET_NAME)";
				WRAPPER_EXTENSION = app;
			};
			name = Release;
		};
		190F533317BB0C34007AE03D /* Debug */ = {
			isa = XCBuildConfiguration;
			buildSettings = {
				BUNDLE_LOADER = "$(BUILT_PRODUCTS_DIR)/Follower.app/Follower";
				FRAMEWORK_SEARCH_PATHS = (
					"\"$(SDKROOT)/Developer/Library/Frameworks\"",
					"\"$(DEVELOPER_LIBRARY_DIR)/Frameworks\"",
				);
				GCC_PRECOMPILE_PREFIX_HEADER = YES;
				GCC_PREFIX_HEADER = "Follower/Follower-Prefix.pch";
				INFOPLIST_FILE = "FollowerTests/FollowerTests-Info.plist";
				PRODUCT_NAME = "$(TARGET_NAME)";
				TEST_HOST = "$(BUNDLE_LOADER)";
				WRAPPER_EXTENSION = octest;
			};
			name = Debug;
		};
		190F533417BB0C34007AE03D /* Release */ = {
			isa = XCBuildConfiguration;
			buildSettings = {
				BUNDLE_LOADER = "$(BUILT_PRODUCTS_DIR)/Follower.app/Follower";
				FRAMEWORK_SEARCH_PATHS = (
					"\"$(SDKROOT)/Developer/Library/Frameworks\"",
					"\"$(DEVELOPER_LIBRARY_DIR)/Frameworks\"",
				);
				GCC_PRECOMPILE_PREFIX_HEADER = YES;
				GCC_PREFIX_HEADER = "Follower/Follower-Prefix.pch";
				INFOPLIST_FILE = "FollowerTests/FollowerTests-Info.plist";
				PRODUCT_NAME = "$(TARGET_NAME)";
				TEST_HOST = "$(BUNDLE_LOADER)";
				WRAPPER_EXTENSION = octest;
			};
			name = Release;
		};
/* End XCBuildConfiguration section */

/* Begin XCConfigurationList section */
		190F52F217BB0C34007AE03D /* Build configuration list for PBXProject "Follower" */ = {
			isa = XCConfigurationList;
			buildConfigurations = (
				190F532D17BB0C34007AE03D /* Debug */,
				190F532E17BB0C34007AE03D /* Release */,
			);
			defaultConfigurationIsVisible = 0;
			defaultConfigurationName = Release;
		};
		190F532F17BB0C34007AE03D /* Build configuration list for PBXNativeTarget "Follower" */ = {
			isa = XCConfigurationList;
			buildConfigurations = (
				190F533017BB0C34007AE03D /* Debug */,
				190F533117BB0C34007AE03D /* Release */,
			);
			defaultConfigurationIsVisible = 0;
		};
		190F533217BB0C34007AE03D /* Build configuration list for PBXNativeTarget "FollowerTests" */ = {
			isa = XCConfigurationList;
			buildConfigurations = (
				190F533317BB0C34007AE03D /* Debug */,
				190F533417BB0C34007AE03D /* Release */,
			);
			defaultConfigurationIsVisible = 0;
		};
/* End XCConfigurationList section */
	};
	rootObject = 190F52EF17BB0C34007AE03D /* Project object */;
}
